
Microsoft Visual Studio Solution File, Format Version 12.00
# Visual Studio Version 16
VisualStudioVersion = 16.0.29209.62
MinimumVisualStudioVersion = 10.0.40219.1
Project("{FAE04EC0-301F-11D3-BF4B-00C04F79EFBC}") = "NuGet.Link.Command", "src\NuGet.Link.Command\NuGet.Link.Command.csproj", "{BF585E11-5946-4F77-9282-75B1C48837A8}"
EndProject
Global
	GlobalSection(SolutionConfigurationPlatforms) = preSolution
		Debug|Any CPU = Debug|Any CPU
		Release|Any CPU = Release|Any CPU
	EndGlobalSection
	GlobalSection(ProjectConfigurationPlatforms) = postSolution
		{BF585E11-5946-4F77-9282-75B1C48837A8}.Debug|Any CPU.ActiveCfg = Debug|Any CPU
		{BF585E11-5946-4F77-9282-75B1C48837A8}.Debug|Any CPU.Build.0 = Debug|Any CPU
		{BF585E11-5946-4F77-9282-75B1C48837A8}.Release|Any CPU.ActiveCfg = Release|Any CPU
		{BF585E11-5946-4F77-9282-75B1C48837A8}.Release|Any CPU.Build.0 = Release|Any CPU
	EndGlobalSection
	GlobalSection(SolutionProperties) = preSolution
		HideSolutionNode = FALSE
	EndGlobalSection
	GlobalSection(ExtensibilityGlobals) = postSolution
		SolutionGuid = {F61EA04C-EB41-467A-9322-0226E70761F1}
	EndGlobalSection
EndGlobal
